# This file is automatically @generated by Poetry 2.3.2 and should not be changed by hand.

[[package]]
name = "annotated-doc"
version = "0.0.4"
description = "Document parameters, class attributes, return types, and variables inline, with Annotated."
optional = false
python-versions = ">=3.8"
groups = ["main"]
files = [
    {file = "annotated_doc-0.0.4-py3-none-any.whl", hash = "sha256:571ac1dc6991c450b25a9c2d84a3705e2ae7a53467b5d111c24fa8baabbed320"},
    {file = "annotated_doc-0.0.4.tar.gz", hash = "sha256:fbcda96e87e9c92ad167c2e53839e57503ecfda18804ea28102353485033faa4"},
]

[[package]]
name = "beautifulsoup4"
version = "4.14.3"
description = "Screen-scraping library"
optional = false
python-versions = ">=3.7.0"
groups = ["main"]
files = [
    {file = "beautifulsoup4-4.14.3-py3-none-any.whl", hash = "sha256:0918bfe44902e6ad8d57732ba310582e98da931428d231a5ecb9e7c703a735bb"},
    {file = "beautifulsoup4-4.14.3.tar.gz", hash = "sha256:6292b1c5186d356bba669ef9f7f051757099565ad9ada5dd630bd9de5fa7fb86"},
]

[package.dependencies]
soupsieve = ">=1.6.1"
typing-extensions = ">=4.0.0"

[package.extras]
cchardet = ["cchardet"]
chardet = ["chardet"]
charset-normalizer = ["charset-normalizer"]
html5lib = ["html5lib"]
lxml = ["lxml"]

[[package]]
name = "click"
version = "8.3.2"
description = "Composable command line interface toolkit"
optional = false
python-versions = ">=3.10"
groups = ["main"]
files = [
    {file = "click-8.3.2-py3-none-any.whl", hash = "sha256:1924d2c27c5653561cd2cae4548d1406039cb79b858b747cfea24924bbc1616d"},
    {file = "click-8.3.2.tar.gz", hash = "sha256:14162b8b3b3550a7d479eafa77dfd3c38d9dc8951f6f69c78913a8f9a7540fd5"},
]

[package.dependencies]
colorama = {version = "*", markers = "platform_system == \"Windows\""}

[[package]]
name = "colorama"
version = "0.4.6"
description = "Cross-platform colored terminal text."
optional = false
python-versions = "!=3.0.*,!=3.1.*,!=3.2.*,!=3.3.*,!=3.4.*,!=3.5.*,!=3.6.*,>=2.7"
groups = ["main"]
markers = "platform_system == \"Windows\""
files = [
    {file = "colorama-0.4.6-py2.py3-none-any.whl", hash = "sha256:4f1d9991f5acc0ca119f9d443620b77f9d6b33703e51011c16baf57afb285fc6"},
    {file = "colorama-0.4.6.tar.gz", hash = "sha256:08695f5cb7ed6e0531a20572697297273c47b8cae5a63ffc6d6ed5c201be6e44"},
]

[[package]]
name = "markdown-it-py"
version = "4.0.0"
description = "Python port of markdown-it. Markdown parsing, done right!"
optional = false
python-versions = ">=3.10"
groups = ["main"]
files = [
    {file = "markdown_it_py-4.0.0-py3-none-any.whl", hash = "sha256:87327c59b172c5011896038353a81343b6754500a08cd7a4973bb48c6d578147"},
    {file = "markdown_it_py-4.0.0.tar.gz", hash = "sha256:cb0a2b4aa34f932c007117b194e945bd74e0ec24133ceb5bac59009cda1cb9f3"},
]

[package.dependencies]
mdurl = ">=0.1,<1.0"

[package.extras]
benchmarking = ["psutil", "pytest", "pytest-benchmark"]
compare = ["commonmark (>=0.9,<1.0)", "markdown (>=3.4,<4.0)", "markdown-it-pyrs", "mistletoe (>=1.0,<2.0)", "mistune (>=3.0,<4.0)", "panflute (>=2.3,<3.0)"]
linkify = ["linkify-it-py (>=1,<3)"]
plugins = ["mdit-py-plugins (>=0.5.0)"]
profiling = ["gprof2dot"]
rtd = ["ipykernel", "jupyter_sphinx", "mdit-py-plugins (>=0.5.0)", "myst-parser", "pyyaml", "sphinx", "sphinx-book-theme (>=1.0,<2.0)", "sphinx-copybutton", "sphinx-design"]
testing = ["coverage", "pytest", "pytest-cov", "pytest-regressions", "requests"]

[[package]]
name = "mdurl"
version = "0.1.2"
description = "Markdown URL utilities"
optional = false
python-versions = ">=3.7"
groups = ["main"]
files = [
    {file = "mdurl-0.1.2-py3-none-any.whl", hash = "sha256:84008a41e51615a49fc9966191ff91509e3c40b939176e643fd50a5c2196b8f8"},
    {file = "mdurl-0.1.2.tar.gz", hash = "sha256:bb413d29f5eea38f31dd4754dd7377d4465116fb207585f97bf925588687c1ba"},
]

[[package]]
name = "opencc"
version = "1.2.0"
description = "Conversion between Traditional and Simplified Chinese"
optional = false
python-versions = "*"
groups = ["main"]
files = [
    {file = "opencc-1.2.0-cp310-cp310-macosx_11_0_arm64.whl", hash = "sha256:909a7902d09333509a4bf31f3bb5dd21c5cbdde966601a3ae69a3f38c1d8a6c0"},
    {file = "opencc-1.2.0-cp310-cp310-manylinux2014_x86_64.whl", hash = "sha256:cd62b27d50d057194fea66e066b558362d0c543739a32a4d2ccef11a3b7c2a07"},
    {file = "opencc-1.2.0-cp310-cp310-win_amd64.whl", hash = "sha256:127437a9173bea7be78bb722a2705238ec7a53cf576a7e20312407abe0a28a45"},
    {file = "opencc-1.2.0-cp311-cp311-macosx_11_0_arm64.whl", hash = "sha256:696fc0fd0fe4ee1d678c4783af07733425299bc1ed70e55595275d15087006dd"},
    {file = "opencc-1.2.0-cp311-cp311-manylinux2014_x86_64.whl", hash = "sha256:6ab92dc34be23a710e98162347287d152bb8ac2ed62fc646dc70a1ab44e2540f"},
    {file = "opencc-1.2.0-cp311-cp311-win_amd64.whl", hash = "sha256:f6b631419fae0a1d590eb605699c0507d7f3e43b4e601555d12bf59043dc34d1"},
    {file = "opencc-1.2.0-cp312-cp312-macosx_11_0_arm64.whl", hash = "sha256:c9851a7b7d50e4c5d52c71972cedbb618542a342ed57ce396be8988bfefdf040"},
    {file = "opencc-1.2.0-cp312-cp312-manylinux2014_x86_64.whl", hash = "sha256:1f105a05fc76c29a1090cb613996aef26b60525e745e8471dc4485dfe17f2e08"},
    {file = "opencc-1.2.0-cp312-cp312-win_amd64.whl", hash = "sha256:76cf42a9666ac5402478f7fad2f603d253096aa5c41199b173e08d49a9af8046"},
    {file = "opencc-1.2.0-cp38-cp38-macosx_11_0_arm64.whl", hash = "sha256:e94d080069f0e3e387fcd12c6b07cea2f50201d8af69cfd6de62b20e34bf6875"},
    {file = "opencc-1.2.0-cp38-cp38-manylinux2014_x86_64.whl", hash = "sha256:57860f546b9f8ad4ddc6fa5d53e09f933c7a238a0f13c7f94b4505592edc3b31"},
    {file = "opencc-1.2.0-cp38-cp38-win_amd64.whl", hash = "sha256:d803ba9934af2eb0570f91f6115b691cab121310bd0cac4de9ee86dc572f1067"},
    {file = "opencc-1.2.0-cp39-cp39-macosx_11_0_arm64.whl", hash = "sha256:66b02f91a53532267328a88d7013309ac7504c13bf957385c84107fe4d028317"},
    {file = "opencc-1.2.0-cp39-cp39-manylinux2014_x86_64.whl", hash = "sha256:400d18c3c989fff68701be9d059bf133a6338d4f602991d3fdf4eb1a7939d518"},
    {file = "opencc-1.2.0-cp39-cp39-win_amd64.whl", hash = "sha256:fd4c89a82d21cd579e8de1af5883dc4e7b1333278f38723990f59e5a3f96d5d5"},
    {file = "opencc-1.2.0.tar.gz", hash = "sha256:2bb913c7ed388466b26d38af4c8c4bb419ddb503235d070f0ee1b24998ef8bca"},
]

[[package]]
name = "pygments"
version = "2.20.0"
description = "Pygments is a syntax highlighting package written in Python."
optional = false
python-versions = ">=3.9"
groups = ["main"]
files = [
    {file = "pygments-2.20.0-py3-none-any.whl", hash = "sha256:81a9e26dd42fd28a23a2d169d86d7ac03b46e2f8b59ed4698fb4785f946d0176"},
    {file = "pygments-2.20.0.tar.gz", hash = "sha256:6757cd03768053ff99f3039c1a36d6c0aa0b263438fcab17520b30a303a82b5f"},
]

[package.extras]
windows-terminal = ["colorama (>=0.4.6)"]

[[package]]
name = "rich"
version = "15.0.0"
description = "Render rich text, tables, progress bars, syntax highlighting, markdown and more to the terminal"
optional = false
python-versions = ">=3.9.0"
groups = ["main"]
files = [
    {file = "rich-15.0.0-py3-none-any.whl", hash = "sha256:33bd4ef74232fb73fe9279a257718407f169c09b78a87ad3d296f548e27de0bb"},
    {file = "rich-15.0.0.tar.gz", hash = "sha256:edd07a4824c6b40189fb7ac9bc4c52536e9780fbbfbddf6f1e2502c31b068c36"},
]

[package.dependencies]
markdown-it-py = ">=2.2.0"
pygments = ">=2.13.0,<3.0.0"

[package.extras]
jupyter = ["ipywidgets (>=7.5.1,<9)"]

[[package]]
name = "shellingham"
version = "1.5.4"
description = "Tool to Detect Surrounding Shell"
optional = false
python-versions = ">=3.7"
groups = ["main"]
files = [
    {file = "shellingham-1.5.4-py2.py3-none-any.whl", hash = "sha256:7ecfff8f2fd72616f7481040475a65b2bf8af90a56c89140852d1120324e8686"},
    {file = "shellingham-1.5.4.tar.gz", hash = "sha256:8dbca0739d487e5bd35ab3ca4b36e11c4078f3a234bfce294b0a0291363404de"},
]

[[package]]
name = "soupsieve"
version = "2.8.3"
description = "A modern CSS selector implementation for Beautiful Soup."
optional = false
python-versions = ">=3.9"
groups = ["main"]
files = [
    {file = "soupsieve-2.8.3-py3-none-any.whl", hash = "sha256:ed64f2ba4eebeab06cc4962affce381647455978ffc1e36bb79a545b91f45a95"},
    {file = "soupsieve-2.8.3.tar.gz", hash = "sha256:3267f1eeea4251fb42728b6dfb746edc9acaffc4a45b27e19450b676586e8349"},
]

[[package]]
name = "typer"
version = "0.24.1"
description = "Typer, build great CLIs. Easy to code. Based on Python type hints."
optional = false
python-versions = ">=3.10"
groups = ["main"]
files = [
    {file = "typer-0.24.1-py3-none-any.whl", hash = "sha256:112c1f0ce578bfb4cab9ffdabc68f031416ebcc216536611ba21f04e9aa84c9e"},
    {file = "typer-0.24.1.tar.gz", hash = "sha256:e39b4732d65fbdcde189ae76cf7cd48aeae72919dea1fdfc16593be016256b45"},
]

[package.dependencies]
annotated-doc = ">=0.0.2"
click = ">=8.2.1"
rich = ">=12.3.0"
shellingham = ">=1.3.0"

[[package]]
name = "typing-extensions"
version = "4.15.0"
description = "Backported and Experimental Type Hints for Python 3.9+"
optional = false
python-versions = ">=3.9"
groups = ["main"]
files = [
    {file = "typing_extensions-4.15.0-py3-none-any.whl", hash = "sha256:f0fa19c6845758ab08074a0cfa8b7aecb71c999ca73d62883bc25cc018c4e548"},
    {file = "typing_extensions-4.15.0.tar.gz", hash = "sha256:0cea48d173cc12fa28ecabc3b837ea3cf6f38c6d1136f85cbaaf598984861466"},
]

[metadata]
lock-version = "2.1"
python-versions = ">=3.10"
content-hash = "9690cc6260f7fbfd1276184a803f56566d3f57ba79501456d209affe35657f5d"
